
Microsoft Visual Studio Solution File, Format Version 12.00
# Visual Studio 15
VisualStudioVersion = 15.0.28307.960
MinimumVisualStudioVersion = 10.0.40219.1
Project("{FAE04EC0-301F-11D3-BF4B-00C04F79EFBC}") = "homework_1", "homework_1\homework_1.csproj", "{F7EEEEDD-332C-448D-88BB-55E38A82432B}"
EndProject
Global
	GlobalSection(SolutionConfigurationPlatforms) = preSolution
		Debug|Any CPU = Debug|Any CPU
		Release|Any CPU = Release|Any CPU
	EndGlobalSection
	GlobalSection(ProjectConfigurationPlatforms) = postSolution
		{F7EEEEDD-332C-448D-88BB-55E38A82432B}.Debug|Any CPU.ActiveCfg = Debug|Any CPU
		{F7EEEEDD-332C-448D-88BB-55E38A82432B}.Debug|Any CPU.Build.0 = Debug|Any CPU
		{F7EEEEDD-332C-448D-88BB-55E38A82432B}.Release|Any CPU.ActiveCfg = Release|Any CPU
		{F7EEEEDD-332C-448D-88BB-55E38A82432B}.Release|Any CPU.Build.0 = Release|Any CPU
	EndGlobalSection
	GlobalSection(SolutionProperties) = preSolution
		HideSolutionNode = FALSE
	EndGlobalSection
	GlobalSection(ExtensibilityGlobals) = postSolution
		SolutionGuid = {97878ADA-2D2E-4D1B-AB44-8A673B6EB53A}
	EndGlobalSection
EndGlobal
